
Microsoft Visual Studio Solution File, Format Version 12.00
# Visual Studio Version 16
VisualStudioVersion = 16.0.30717.126
MinimumVisualStudioVersion = 10.0.40219.1
Project("{FAE04EC0-301F-11D3-BF4B-00C04F79EFBC}") = "ConsoleAppAccounting", "ConsoleAppAccounting\ConsoleAppAccounting.csproj", "{AF74AFA0-5868-439C-BD86-511D6EC9D556}"
EndProject
Global
	GlobalSection(SolutionConfigurationPlatforms) = preSolution
		Debug|Any CPU = Debug|Any CPU
		Release|Any CPU = Release|Any CPU
	EndGlobalSection
	GlobalSection(ProjectConfigurationPlatforms) = postSolution
		{AF74AFA0-5868-439C-BD86-511D6EC9D556}.Debug|Any CPU.ActiveCfg = Debug|Any CPU
		{AF74AFA0-5868-439C-BD86-511D6EC9D556}.Debug|Any CPU.Build.0 = Debug|Any CPU
		{AF74AFA0-5868-439C-BD86-511D6EC9D556}.Release|Any CPU.ActiveCfg = Release|Any CPU
		{AF74AFA0-5868-439C-BD86-511D6EC9D556}.Release|Any CPU.Build.0 = Release|Any CPU
	EndGlobalSection
	GlobalSection(SolutionProperties) = preSolution
		HideSolutionNode = FALSE
	EndGlobalSection
	GlobalSection(ExtensibilityGlobals) = postSolution
		SolutionGuid = {C071B5A8-7939-48AB-BD99-53F8DAA937BA}
	EndGlobalSection
EndGlobal
